
Microsoft Visual Studio Solution File, Format Version 12.00
# Visual Studio Version 16
VisualStudioVersion = 16.0.31112.23
MinimumVisualStudioVersion = 10.0.40219.1
Project("{FAE04EC0-301F-11D3-BF4B-00C04F79EFBC}") = "PyInteropPoC", "PyInteropPoC\PyInteropPoC.csproj", "{0031C45F-1371-4FB9-9009-0D6DB20FF335}"
EndProject
Project("{FAE04EC0-301F-11D3-BF4B-00C04F79EFBC}") = "PoCLib", "PoCLib\PoCLib.csproj", "{02D86667-DB5F-4E78-994B-147851197C2E}"
EndProject
Global
	GlobalSection(SolutionConfigurationPlatforms) = preSolution
		Debug|Any CPU = Debug|Any CPU
		Release|Any CPU = Release|Any CPU
	EndGlobalSection
	GlobalSection(ProjectConfigurationPlatforms) = postSolution
		{0031C45F-1371-4FB9-9009-0D6DB20FF335}.Debug|Any CPU.ActiveCfg = Debug|Any CPU
		{0031C45F-1371-4FB9-9009-0D6DB20FF335}.Debug|Any CPU.Build.0 = Debug|Any CPU
		{0031C45F-1371-4FB9-9009-0D6DB20FF335}.Release|Any CPU.ActiveCfg = Release|Any CPU
		{0031C45F-1371-4FB9-9009-0D6DB20FF335}.Release|Any CPU.Build.0 = Release|Any CPU
		{02D86667-DB5F-4E78-994B-147851197C2E}.Debug|Any CPU.ActiveCfg = Debug|Any CPU
		{02D86667-DB5F-4E78-994B-147851197C2E}.Debug|Any CPU.Build.0 = Debug|Any CPU
		{02D86667-DB5F-4E78-994B-147851197C2E}.Release|Any CPU.ActiveCfg = Release|Any CPU
		{02D86667-DB5F-4E78-994B-147851197C2E}.Release|Any CPU.Build.0 = Release|Any CPU
	EndGlobalSection
	GlobalSection(SolutionProperties) = preSolution
		HideSolutionNode = FALSE
	EndGlobalSection
	GlobalSection(ExtensibilityGlobals) = postSolution
		SolutionGuid = {EC4D4BE7-8188-4CB9-AD0C-E82771103F78}
	EndGlobalSection
EndGlobal
