
Microsoft Visual Studio Solution File, Format Version 12.00
# Visual Studio Version 16
VisualStudioVersion = 16.0.31321.278
MinimumVisualStudioVersion = 10.0.40219.1
Project("{9A19103F-16F7-4668-BE54-9A1E7A4F7556}") = "BaseInterop", "BaseInterop\BaseInterop.csproj", "{617C4936-BFD6-4AF1-94B2-FD9484D65701}"
EndProject
Project("{9A19103F-16F7-4668-BE54-9A1E7A4F7556}") = "PythonInterop", "PythonInterop\PythonInterop.csproj", "{4922C1D4-7972-4C67-BD7B-8765191DF255}"
EndProject
Project("{9A19103F-16F7-4668-BE54-9A1E7A4F7556}") = "SampleInterop", "SampleInterop\SampleInterop.csproj", "{25F699B8-3673-48DA-8F57-D7DA30B5663F}"
EndProject
Project("{FAE04EC0-301F-11D3-BF4B-00C04F79EFBC}") = "BaseInterop.Tests", "BaseInterop.Tests\BaseInterop.Tests.csproj", "{65E54108-EBB3-4492-B127-7676D3AA4E50}"
EndProject
Project("{FAE04EC0-301F-11D3-BF4B-00C04F79EFBC}") = "PythonInterop.Tests", "PythonInterop.Tests\PythonInterop.Tests.csproj", "{951F3DC9-2B06-4187-B40F-E272EF6C6EE7}"
EndProject
Global
	GlobalSection(SolutionConfigurationPlatforms) = preSolution
		Debug|Any CPU = Debug|Any CPU
		Release|Any CPU = Release|Any CPU
	EndGlobalSection
	GlobalSection(ProjectConfigurationPlatforms) = postSolution
		{617C4936-BFD6-4AF1-94B2-FD9484D65701}.Debug|Any CPU.ActiveCfg = Debug|Any CPU
		{617C4936-BFD6-4AF1-94B2-FD9484D65701}.Debug|Any CPU.Build.0 = Debug|Any CPU
		{617C4936-BFD6-4AF1-94B2-FD9484D65701}.Release|Any CPU.ActiveCfg = Release|Any CPU
		{617C4936-BFD6-4AF1-94B2-FD9484D65701}.Release|Any CPU.Build.0 = Release|Any CPU
		{4922C1D4-7972-4C67-BD7B-8765191DF255}.Debug|Any CPU.ActiveCfg = Debug|Any CPU
		{4922C1D4-7972-4C67-BD7B-8765191DF255}.Debug|Any CPU.Build.0 = Debug|Any CPU
		{4922C1D4-7972-4C67-BD7B-8765191DF255}.Release|Any CPU.ActiveCfg = Release|Any CPU
		{4922C1D4-7972-4C67-BD7B-8765191DF255}.Release|Any CPU.Build.0 = Release|Any CPU
		{25F699B8-3673-48DA-8F57-D7DA30B5663F}.Debug|Any CPU.ActiveCfg = Debug|Any CPU
		{25F699B8-3673-48DA-8F57-D7DA30B5663F}.Debug|Any CPU.Build.0 = Debug|Any CPU
		{25F699B8-3673-48DA-8F57-D7DA30B5663F}.Release|Any CPU.ActiveCfg = Release|Any CPU
		{25F699B8-3673-48DA-8F57-D7DA30B5663F}.Release|Any CPU.Build.0 = Release|Any CPU
		{65E54108-EBB3-4492-B127-7676D3AA4E50}.Debug|Any CPU.ActiveCfg = Debug|Any CPU
		{65E54108-EBB3-4492-B127-7676D3AA4E50}.Debug|Any CPU.Build.0 = Debug|Any CPU
		{65E54108-EBB3-4492-B127-7676D3AA4E50}.Release|Any CPU.ActiveCfg = Release|Any CPU
		{65E54108-EBB3-4492-B127-7676D3AA4E50}.Release|Any CPU.Build.0 = Release|Any CPU
		{951F3DC9-2B06-4187-B40F-E272EF6C6EE7}.Debug|Any CPU.ActiveCfg = Debug|Any CPU
		{951F3DC9-2B06-4187-B40F-E272EF6C6EE7}.Debug|Any CPU.Build.0 = Debug|Any CPU
		{951F3DC9-2B06-4187-B40F-E272EF6C6EE7}.Release|Any CPU.ActiveCfg = Release|Any CPU
		{951F3DC9-2B06-4187-B40F-E272EF6C6EE7}.Release|Any CPU.Build.0 = Release|Any CPU
	EndGlobalSection
	GlobalSection(SolutionProperties) = preSolution
		HideSolutionNode = FALSE
	EndGlobalSection
	GlobalSection(ExtensibilityGlobals) = postSolution
		SolutionGuid = {D0A6556F-4A21-48A9-8F3C-016D1DC45136}
	EndGlobalSection
EndGlobal
